// !$*UTF8*$!
{
	archiveVersion = 1;
	classes = {
	};
	objectVersion = 46;
	objects = {

/* Begin PBXBuildFile section */
		AE00A72120867BC1006D7864 /* AppDelegate.swift in Sources */ = {isa = PBXBuildFile; fileRef = AE00A72020867BC1006D7864 /* AppDelegate.swift */; };
		AE00A72320867BC1006D7864 /* ViewController.swift in Sources */ = {isa = PBXBuildFile; fileRef = AE00A72220867BC1006D7864 /* ViewController.swift */; };
		AE00A72620867BC1006D7864 /* Main.storyboard in Resources */ = {isa = PBXBuildFile; fileRef = AE00A72420867BC1006D7864 /* Main.storyboard */; };
		AE00A72820867BC1006D7864 /* Assets.xcassets in Resources */ = {isa = PBXBuildFile; fileRef = AE00A72720867BC1006D7864 /* Assets.xcassets */; };
		AE00A72B20867BC1006D7864 /* LaunchScreen.storyboard in Resources */ = {isa = PBXBuildFile; fileRef = AE00A72920867BC1006D7864 /* LaunchScreen.storyboard */; };
/* End PBXBuildFile section */

/* Begin PBXFileReference section */
		AE00A71D20867BC1006D7864 /* MapLauchApp.app */ = {isa = PBXFileReference; explicitFileType = wrapper.application; includeInIndex = 0; path = MapLauchApp.app; sourceTree = BUILT_PRODUCTS_DIR; };
		AE00A72020867BC1006D7864 /* AppDelegate.swift */ = {isa = PBXFileReference; lastKnownFileType = sourcecode.swift; path = AppDelegate.swift; sourceTree = "<group>"; };
		AE00A72220867BC1006D7864 /* ViewController.swift */ = {isa = PBXFileReference; lastKnownFileType = sourcecode.swift; path = ViewController.swift; sourceTree = "<group>"; };
		AE00A72520867BC1006D7864 /* Base */ = {isa = PBXFileReference; lastKnownFileType = file.storyboard; name = Base; path = Base.lproj/Main.storyboard; sourceTree = "<group>"; };
		AE00A72720867BC1006D7864 /* Assets.xcassets */ = {isa = PBXFileReference; lastKnownFileType = folder.assetcatalog; path = Assets.xcassets; sourceTree = "<group>"; };
		AE00A72A20867BC1006D7864 /* Base */ = {isa = PBXFileReference; lastKnownFileType = file.storyboard; name = Base; path = Base.lproj/LaunchScreen.storyboard; sourceTree = "<group>"; };
		AE00A72C20867BC1006D7864 /* Info.plist */ = {isa = PBXFileReference; lastKnownFileType = text.plist.xml; path = Info.plist; sourceTree = "<group>"; };
/* End PBXFileReference section */

/* Begin PBXFrameworksBuildPhase section */
		AE00A71A20867BC1006D7864 /* Frameworks */ = {
			isa = PBXFrameworksBuildPhase;
			buildActionMask = 2147483647;
			files = (
			);
			runOnlyForDeploymentPostprocessing = 0;
		};
/* End PBXFrameworksBuildPhase section */

/* Begin PBXGroup section */
		AE00A71420867BC1006D7864 = {
			isa = PBXGroup;
			children = (
				AE00A71F20867BC1006D7864 /* MapLauchApp */,
				AE00A71E20867BC1006D7864 /* Products */,
			);
			sourceTree = "<group>";
		};
		AE00A71E20867BC1006D7864 /* Products */ = {
			isa = PBXGroup;
			children = (
				AE00A71D20867BC1006D7864 /* MapLauchApp.app */,
			);
			name = Products;
			sourceTree = "<group>";
		};
		AE00A71F20867BC1006D7864 /* MapLauchApp */ = {
			isa = PBXGroup;
			children = (
				AE00A72020867BC1006D7864 /* AppDelegate.swift */,
				AE00A72220867BC1006D7864 /* ViewController.swift */,
				AE00A72420867BC1006D7864 /* Main.storyboard */,
				AE00A72720867BC1006D7864 /* Assets.xcassets */,
				AE00A72920867BC1006D7864 /* LaunchScreen.storyboard */,
				AE00A72C20867BC1006D7864 /* Info.plist */,
			);
			path = MapLauchApp;
			sourceTree = "<group>";
		};
/* End PBXGroup section */

/* Begin PBXNativeTarget section */
		AE00A71C20867BC1006D7864 /* MapLauchApp */ = {
			isa = PBXNativeTarget;
			buildConfigurationList = AE00A72F20867BC1006D7864 /* Build configuration list for PBXNativeTarget "MapLauchApp" */;
			buildPhases = (
				AE00A71920867BC1006D7864 /* Sources */,
				AE00A71A20867BC1006D7864 /* Frameworks */,
				AE00A71B20867BC1006D7864 /* Resources */,
			);
			buildRules = (
			);
			dependencies = (
			);
			name = MapLauchApp;
			productName = MapLauchApp;
			productReference = AE00A71D20867BC1006D7864 /* MapLauchApp.app */;
			productType = "com.apple.product-type.application";
		};
/* End PBXNativeTarget section */

/* Begin PBXProject section */
		AE00A71520867BC1006D7864 /* Project object */ = {
			isa = PBXProject;
			attributes = {
				LastSwiftUpdateCheck = 0820;
				LastUpgradeCheck = 0820;
				ORGANIZATIONNAME = Humber;
				TargetAttributes = {
					AE00A71C20867BC1006D7864 = {
						CreatedOnToolsVersion = 8.2.1;
						ProvisioningStyle = Automatic;
					};
				};
			};
			buildConfigurationList = AE00A71820867BC1006D7864 /* Build configuration list for PBXProject "MapLauchApp" */;
			compatibilityVersion = "Xcode 3.2";
			developmentRegion = English;
			hasScannedForEncodings = 0;
			knownRegions = (
				English,
				en,
				Base,
			);
			mainGroup = AE00A71420867BC1006D7864;
			productRefGroup = AE00A71E20867BC1006D7864 /* Products */;
			projectDirPath = "";
			projectRoot = "";
			targets = (
				AE00A71C20867BC1006D7864 /* MapLauchApp */,
			);
		};
/* End PBXProject section */

/* Begin PBXResourcesBuildPhase section */
		AE00A71B20867BC1006D7864 /* Resources */ = {
			isa = PBXResourcesBuildPhase;
			buildActionMask = 2147483647;
			files = (
				AE00A72B20867BC1006D7864 /* LaunchScreen.storyboard in Resources */,
				AE00A72820867BC1006D7864 /* Assets.xcassets in Resources */,
				AE00A72620867BC1006D7864 /* Main.storyboard in Resources */,
			);
			runOnlyForDeploymentPostprocessing = 0;
		};
/* End PBXResourcesBuildPhase section */

/* Begin PBXSourcesBuildPhase section */
		AE00A71920867BC1006D7864 /* Sources */ = {
			isa = PBXSourcesBuildPhase;
			buildActionMask = 2147483647;
			files = (
				AE00A72320867BC1006D7864 /* ViewController.swift in Sources */,
				AE00A72120867BC1006D7864 /* AppDelegate.swift in Sources */,
			);
			runOnlyForDeploymentPostprocessing = 0;
		};
/* End PBXSourcesBuildPhase section */

/* Begin PBXVariantGroup section */
		AE00A72420867BC1006D7864 /* Main.storyboard */ = {
			isa = PBXVariantGroup;
			children = (
				AE00A72520867BC1006D7864 /* Base */,
			);
			name = Main.storyboard;
			sourceTree = "<group>";
		};
		AE00A72920867BC1006D7864 /* LaunchScreen.storyboard */ = {
			isa = PBXVariantGroup;
			children = (
				AE00A72A20867BC1006D7864 /* Base */,
			);
			name = LaunchScreen.storyboard;
			sourceTree = "<group>";
		};
/* End PBXVariantGroup section */

/* Begin XCBuildConfiguration section */
		AE00A72D20867BC1006D7864 /* Debug */ = {
			isa = XCBuildConfiguration;
			buildSettings = {
				ALWAYS_SEARCH_USER_PATHS = NO;
				CLANG_ANALYZER_NONNULL = YES;
				CLANG_CXX_LANGUAGE_STANDARD = "gnu++0x";
				CLANG_CXX_LIBRARY = "libc++";
				CLANG_ENABLE_MODULES = YES;
				CLANG_ENABLE_OBJC_ARC = YES;
				CLANG_WARN_BOOL_CONVERSION = YES;
				CLANG_WARN_CONSTANT_CONVERSION = YES;
				CLANG_WARN_DIRECT_OBJC_ISA_USAGE = YES_ERROR;
				CLANG_WARN_DOCUMENTATION_COMMENTS = YES;
				CLANG_WARN_EMPTY_BODY = YES;
				CLANG_WARN_ENUM_CONVERSION = YES;
				CLANG_WARN_INFINITE_RECURSION = YES;
				CLANG_WARN_INT_CONVERSION = YES;
				CLANG_WARN_OBJC_ROOT_CLASS = YES_ERROR;
				CLANG_WARN_SUSPICIOUS_MOVE = YES;
				CLANG_WARN_UNREACHABLE_CODE = YES;
				CLANG_WARN__DUPLICATE_METHOD_MATCH = YES;
				"CODE_SIGN_IDENTITY[sdk=iphoneos*]" = "iPhone Developer";
				COPY_PHASE_STRIP = NO;
				DEBUG_INFORMATION_FORMAT = dwarf;
				ENABLE_STRICT_OBJC_MSGSEND = YES;
				ENABLE_TESTABILITY = YES;
				GCC_C_LANGUAGE_STANDARD = gnu99;
				GCC_DYNAMIC_NO_PIC = NO;
				GCC_NO_COMMON_BLOCKS = YES;
				GCC_OPTIMIZATION_LEVEL = 0;
				GCC_PREPROCESSOR_DEFINITIONS = (
					"DEBUG=1",
					"$(inherited)",
				);
				GCC_WARN_64_TO_32_BIT_CONVERSION = YES;
				GCC_WARN_ABOUT_RETURN_TYPE = YES_ERROR;
				GCC_WARN_UNDECLARED_SELECTOR = YES;
				GCC_WARN_UNINITIALIZED_AUTOS = YES_AGGRESSIVE;
				GCC_WARN_UNUSED_FUNCTION = YES;
				GCC_WARN_UNUSED_VARIABLE = YES;
				IPHONEOS_DEPLOYMENT_TARGET = 10.2;
				MTL_ENABLE_DEBUG_INFO = YES;
				ONLY_ACTIVE_ARCH = YES;
				SDKROOT = iphoneos;
				SWIFT_ACTIVE_COMPILATION_CONDITIONS = DEBUG;
				SWIFT_OPTIMIZATION_LEVEL = "-Onone";
			};
			name = Debug;
		};
		AE00A72E20867BC1006D7864 /* Release */ = {
			isa = XCBuildConfiguration;
			buildSettings = {
				ALWAYS_SEARCH_USER_PATHS = NO;
				CLANG_ANALYZER_NONNULL = YES;
				CLANG_CXX_LANGUAGE_STANDARD = "gnu++0x";
				CLANG_CXX_LIBRARY = "libc++";
				CLANG_ENABLE_MODULES = YES;
				CLANG_ENABLE_OBJC_ARC = YES;
				CLANG_WARN_BOOL_CONVERSION = YES;
				CLANG_WARN_CONSTANT_CONVERSION = YES;
				CLANG_WARN_DIRECT_OBJC_ISA_USAGE = YES_ERROR;
				CLANG_WARN_DOCUMENTATION_COMMENTS = YES;
				CLANG_WARN_EMPTY_BODY = YES;
				CLANG_WARN_ENUM_CONVERSION = YES;
				CLANG_WARN_INFINITE_RECURSION = YES;
				CLANG_WARN_INT_CONVERSION = YES;
				CLANG_WARN_OBJC_ROOT_CLASS = YES_ERROR;
				CLANG_WARN_SUSPICIOUS_MOVE = YES;
				CLANG_WARN_UNREACHABLE_CODE = YES;
				CLANG_WARN__DUPLICATE_METHOD_MATCH = YES;
				"CODE_SIGN_IDENTITY[sdk=iphoneos*]" = "iPhone Developer";
				COPY_PHASE_STRIP = NO;
				DEBUG_INFORMATION_FORMAT = "dwarf-with-dsym";
				ENABLE_NS_ASSERTIONS = NO;
				ENABLE_STRICT_OBJC_MSGSEND = YES;
				GCC_C_LANGUAGE_STANDARD = gnu99;
				GCC_NO_COMMON_BLOCKS = YES;
				GCC_WARN_64_TO_32_BIT_CONVERSION = YES;
				GCC_WARN_ABOUT_RETURN_TYPE = YES_ERROR;
				GCC_WARN_UNDECLARED_SELECTOR = YES;
				GCC_WARN_UNINITIALIZED_AUTOS = YES_AGGRESSIVE;
				GCC_WARN_UNUSED_FUNCTION = YES;
				GCC_WARN_UNUSED_VARIABLE = YES;
				IPHONEOS_DEPLOYMENT_TARGET = 10.2;
				MTL_ENABLE_DEBUG_INFO = NO;
				SDKROOT = iphoneos;
				SWIFT_OPTIMIZATION_LEVEL = "-Owholemodule";
				VALIDATE_PRODUCT = YES;
			};
			name = Release;
		};
		AE00A73020867BC1006D7864 /* Debug */ = {
			isa = XCBuildConfiguration;
			buildSettings = {
				ASSETCATALOG_COMPILER_APPICON_NAME = AppIcon;
				INFOPLIST_FILE = MapLauchApp/Info.plist;
				LD_RUNPATH_SEARCH_PATHS = "$(inherited) @executable_path/Frameworks";
				PRODUCT_BUNDLE_IDENTIFIER = nuvtec.com.MapLauchApp;
				PRODUCT_NAME = "$(TARGET_NAME)";
				SWIFT_VERSION = 4.0;
			};
			name = Debug;
		};
		AE00A73120867BC1006D7864 /* Release */ = {
			isa = XCBuildConfiguration;
			buildSettings = {
				ASSETCATALOG_COMPILER_APPICON_NAME = AppIcon;
				INFOPLIST_FILE = MapLauchApp/Info.plist;
				LD_RUNPATH_SEARCH_PATHS = "$(inherited) @executable_path/Frameworks";
				PRODUCT_BUNDLE_IDENTIFIER = nuvtec.com.MapLauchApp;
				PRODUCT_NAME = "$(TARGET_NAME)";
				SWIFT_VERSION = 4.0;
			};
			name = Release;
		};
/* End XCBuildConfiguration section */

/* Begin XCConfigurationList section */
		AE00A71820867BC1006D7864 /* Build configuration list for PBXProject "MapLauchApp" */ = {
			isa = XCConfigurationList;
			buildConfigurations = (
				AE00A72D20867BC1006D7864 /* Debug */,
				AE00A72E20867BC1006D7864 /* Release */,
			);
			defaultConfigurationIsVisible = 0;
			defaultConfigurationName = Release;
		};
		AE00A72F20867BC1006D7864 /* Build configuration list for PBXNativeTarget "MapLauchApp" */ = {
			isa = XCConfigurationList;
			buildConfigurations = (
				AE00A73020867BC1006D7864 /* Debug */,
				AE00A73120867BC1006D7864 /* Release */,
			);
			defaultConfigurationIsVisible = 0;
			defaultConfigurationName = Release;
		};
/* End XCConfigurationList section */
	};
	rootObject = AE00A71520867BC1006D7864 /* Project object */;
}
