// !$*UTF8*$!
{
	archiveVersion = 1;
	classes = {
	};
	objectVersion = 50;
	objects = {

/* Begin PBXBuildFile section */
		087FCCE422B84C5F0042DC8C /* main.swift in Sources */ = {isa = PBXBuildFile; fileRef = 087FCCE322B84C5F0042DC8C /* main.swift */; };
		087FCCEB22B84CA00042DC8C /* BankAccount.swift in Sources */ = {isa = PBXBuildFile; fileRef = 087FCCEA22B84CA00042DC8C /* BankAccount.swift */; };
		087FCCED22B8536F0042DC8C /* BankAccountExtension.swift in Sources */ = {isa = PBXBuildFile; fileRef = 087FCCEC22B8536F0042DC8C /* BankAccountExtension.swift */; };
		0888C18722B8594F00EF7A2C /* HourlyEmployee.swift in Sources */ = {isa = PBXBuildFile; fileRef = 0888C18622B8594F00EF7A2C /* HourlyEmployee.swift */; };
		0888C18D22B85BC300EF7A2C /* CommissionEmployee.swift in Sources */ = {isa = PBXBuildFile; fileRef = 0888C18822B85BC300EF7A2C /* CommissionEmployee.swift */; };
		0888C18E22B85BC300EF7A2C /* Employee.swift in Sources */ = {isa = PBXBuildFile; fileRef = 0888C18922B85BC300EF7A2C /* Employee.swift */; };
		0888C18F22B85BC300EF7A2C /* BasePlusCommissionEmployee.swift in Sources */ = {isa = PBXBuildFile; fileRef = 0888C18A22B85BC300EF7A2C /* BasePlusCommissionEmployee.swift */; };
		0888C19022B85BC300EF7A2C /* UtilityFunctions.swift in Sources */ = {isa = PBXBuildFile; fileRef = 0888C18B22B85BC300EF7A2C /* UtilityFunctions.swift */; };
		0888C19122B85BC300EF7A2C /* SalariedEmployee.swift in Sources */ = {isa = PBXBuildFile; fileRef = 0888C18C22B85BC300EF7A2C /* SalariedEmployee.swift */; };
/* End PBXBuildFile section */

/* Begin PBXCopyFilesBuildPhase section */
		087FCCDE22B84C5F0042DC8C /* CopyFiles */ = {
			isa = PBXCopyFilesBuildPhase;
			buildActionMask = 2147483647;
			dstPath = /usr/share/man/man1/;
			dstSubfolderSpec = 0;
			files = (
			);
			runOnlyForDeploymentPostprocessing = 1;
		};
/* End PBXCopyFilesBuildPhase section */

/* Begin PBXFileReference section */
		087FCCE022B84C5F0042DC8C /* VladimirVatsurin_COMP2125_Lab02 */ = {isa = PBXFileReference; explicitFileType = "compiled.mach-o.executable"; includeInIndex = 0; path = VladimirVatsurin_COMP2125_Lab02; sourceTree = BUILT_PRODUCTS_DIR; };
		087FCCE322B84C5F0042DC8C /* main.swift */ = {isa = PBXFileReference; lastKnownFileType = sourcecode.swift; path = main.swift; sourceTree = "<group>"; };
		087FCCEA22B84CA00042DC8C /* BankAccount.swift */ = {isa = PBXFileReference; lastKnownFileType = sourcecode.swift; path = BankAccount.swift; sourceTree = "<group>"; };
		087FCCEC22B8536F0042DC8C /* BankAccountExtension.swift */ = {isa = PBXFileReference; lastKnownFileType = sourcecode.swift; path = BankAccountExtension.swift; sourceTree = "<group>"; };
		0888C18622B8594F00EF7A2C /* HourlyEmployee.swift */ = {isa = PBXFileReference; lastKnownFileType = sourcecode.swift; path = HourlyEmployee.swift; sourceTree = "<group>"; };
		0888C18822B85BC300EF7A2C /* CommissionEmployee.swift */ = {isa = PBXFileReference; fileEncoding = 4; lastKnownFileType = sourcecode.swift; name = CommissionEmployee.swift; path = "../../../../Week05_Advance Classes Inheritance and Protocols-2/Inheritance-Polymorphism-Protocols Examples/Polymorphism/Polymorphism/CommissionEmployee.swift"; sourceTree = "<group>"; };
		0888C18922B85BC300EF7A2C /* Employee.swift */ = {isa = PBXFileReference; fileEncoding = 4; lastKnownFileType = sourcecode.swift; name = Employee.swift; path = "../../../../Week05_Advance Classes Inheritance and Protocols-2/Inheritance-Polymorphism-Protocols Examples/Polymorphism/Polymorphism/Employee.swift"; sourceTree = "<group>"; };
		0888C18A22B85BC300EF7A2C /* BasePlusCommissionEmployee.swift */ = {isa = PBXFileReference; fileEncoding = 4; lastKnownFileType = sourcecode.swift; name = BasePlusCommissionEmployee.swift; path = "../../../../Week05_Advance Classes Inheritance and Protocols-2/Inheritance-Polymorphism-Protocols Examples/Polymorphism/Polymorphism/BasePlusCommissionEmployee.swift"; sourceTree = "<group>"; };
		0888C18B22B85BC300EF7A2C /* UtilityFunctions.swift */ = {isa = PBXFileReference; fileEncoding = 4; lastKnownFileType = sourcecode.swift; name = UtilityFunctions.swift; path = "../../../../Week05_Advance Classes Inheritance and Protocols-2/Inheritance-Polymorphism-Protocols Examples/Polymorphism/Polymorphism/UtilityFunctions.swift"; sourceTree = "<group>"; };
		0888C18C22B85BC300EF7A2C /* SalariedEmployee.swift */ = {isa = PBXFileReference; fileEncoding = 4; lastKnownFileType = sourcecode.swift; name = SalariedEmployee.swift; path = "../../../../Week05_Advance Classes Inheritance and Protocols-2/Inheritance-Polymorphism-Protocols Examples/Polymorphism/Polymorphism/SalariedEmployee.swift"; sourceTree = "<group>"; };
/* End PBXFileReference section */

/* Begin PBXFrameworksBuildPhase section */
		087FCCDD22B84C5F0042DC8C /* Frameworks */ = {
			isa = PBXFrameworksBuildPhase;
			buildActionMask = 2147483647;
			files = (
			);
			runOnlyForDeploymentPostprocessing = 0;
		};
/* End PBXFrameworksBuildPhase section */

/* Begin PBXGroup section */
		087FCCD722B84C5F0042DC8C = {
			isa = PBXGroup;
			children = (
				087FCCE222B84C5F0042DC8C /* Lab_2 */,
				087FCCE122B84C5F0042DC8C /* Products */,
			);
			sourceTree = "<group>";
		};
		087FCCE122B84C5F0042DC8C /* Products */ = {
			isa = PBXGroup;
			children = (
				087FCCE022B84C5F0042DC8C /* VladimirVatsurin_COMP2125_Lab02 */,
			);
			name = Products;
			sourceTree = "<group>";
		};
		087FCCE222B84C5F0042DC8C /* Lab_2 */ = {
			isa = PBXGroup;
			children = (
				087FCCEE22B858DA0042DC8C /* Excersize2 */,
				087FCCE322B84C5F0042DC8C /* main.swift */,
				087FCCEA22B84CA00042DC8C /* BankAccount.swift */,
				087FCCEC22B8536F0042DC8C /* BankAccountExtension.swift */,
			);
			path = Lab_2;
			sourceTree = "<group>";
		};
		087FCCEE22B858DA0042DC8C /* Excersize2 */ = {
			isa = PBXGroup;
			children = (
				0888C18A22B85BC300EF7A2C /* BasePlusCommissionEmployee.swift */,
				0888C18822B85BC300EF7A2C /* CommissionEmployee.swift */,
				0888C18922B85BC300EF7A2C /* Employee.swift */,
				0888C18C22B85BC300EF7A2C /* SalariedEmployee.swift */,
				0888C18B22B85BC300EF7A2C /* UtilityFunctions.swift */,
				0888C18622B8594F00EF7A2C /* HourlyEmployee.swift */,
			);
			path = Excersize2;
			sourceTree = "<group>";
		};
/* End PBXGroup section */

/* Begin PBXNativeTarget section */
		087FCCDF22B84C5F0042DC8C /* VladimirVatsurin_COMP2125_Lab02 */ = {
			isa = PBXNativeTarget;
			buildConfigurationList = 087FCCE722B84C5F0042DC8C /* Build configuration list for PBXNativeTarget "VladimirVatsurin_COMP2125_Lab02" */;
			buildPhases = (
				087FCCDC22B84C5F0042DC8C /* Sources */,
				087FCCDD22B84C5F0042DC8C /* Frameworks */,
				087FCCDE22B84C5F0042DC8C /* CopyFiles */,
			);
			buildRules = (
			);
			dependencies = (
			);
			name = VladimirVatsurin_COMP2125_Lab02;
			productName = Lab_2;
			productReference = 087FCCE022B84C5F0042DC8C /* VladimirVatsurin_COMP2125_Lab02 */;
			productType = "com.apple.product-type.tool";
		};
/* End PBXNativeTarget section */

/* Begin PBXProject section */
		087FCCD822B84C5F0042DC8C /* Project object */ = {
			isa = PBXProject;
			attributes = {
				LastSwiftUpdateCheck = 1020;
				LastUpgradeCheck = 1020;
				ORGANIZATIONNAME = "Vladimir Vatsurin";
				TargetAttributes = {
					087FCCDF22B84C5F0042DC8C = {
						CreatedOnToolsVersion = 10.2.1;
					};
				};
			};
			buildConfigurationList = 087FCCDB22B84C5F0042DC8C /* Build configuration list for PBXProject "VladimirVatsurin_COMP2125_Lab02" */;
			compatibilityVersion = "Xcode 9.3";
			developmentRegion = en;
			hasScannedForEncodings = 0;
			knownRegions = (
				en,
			);
			mainGroup = 087FCCD722B84C5F0042DC8C;
			productRefGroup = 087FCCE122B84C5F0042DC8C /* Products */;
			projectDirPath = "";
			projectRoot = "";
			targets = (
				087FCCDF22B84C5F0042DC8C /* VladimirVatsurin_COMP2125_Lab02 */,
			);
		};
/* End PBXProject section */

/* Begin PBXSourcesBuildPhase section */
		087FCCDC22B84C5F0042DC8C /* Sources */ = {
			isa = PBXSourcesBuildPhase;
			buildActionMask = 2147483647;
			files = (
				087FCCE422B84C5F0042DC8C /* main.swift in Sources */,
				0888C18E22B85BC300EF7A2C /* Employee.swift in Sources */,
				0888C19122B85BC300EF7A2C /* SalariedEmployee.swift in Sources */,
				0888C18D22B85BC300EF7A2C /* CommissionEmployee.swift in Sources */,
				0888C18722B8594F00EF7A2C /* HourlyEmployee.swift in Sources */,
				087FCCED22B8536F0042DC8C /* BankAccountExtension.swift in Sources */,
				0888C18F22B85BC300EF7A2C /* BasePlusCommissionEmployee.swift in Sources */,
				0888C19022B85BC300EF7A2C /* UtilityFunctions.swift in Sources */,
				087FCCEB22B84CA00042DC8C /* BankAccount.swift in Sources */,
			);
			runOnlyForDeploymentPostprocessing = 0;
		};
/* End PBXSourcesBuildPhase section */

/* Begin XCBuildConfiguration section */
		087FCCE522B84C5F0042DC8C /* Debug */ = {
			isa = XCBuildConfiguration;
			buildSettings = {
				ALWAYS_SEARCH_USER_PATHS = NO;
				CLANG_ANALYZER_NONNULL = YES;
				CLANG_ANALYZER_NUMBER_OBJECT_CONVERSION = YES_AGGRESSIVE;
				CLANG_CXX_LANGUAGE_STANDARD = "gnu++14";
				CLANG_CXX_LIBRARY = "libc++";
				CLANG_ENABLE_MODULES = YES;
				CLANG_ENABLE_OBJC_ARC = YES;
				CLANG_ENABLE_OBJC_WEAK = YES;
				CLANG_WARN_BLOCK_CAPTURE_AUTORELEASING = YES;
				CLANG_WARN_BOOL_CONVERSION = YES;
				CLANG_WARN_COMMA = YES;
				CLANG_WARN_CONSTANT_CONVERSION = YES;
				CLANG_WARN_DEPRECATED_OBJC_IMPLEMENTATIONS = YES;
				CLANG_WARN_DIRECT_OBJC_ISA_USAGE = YES_ERROR;
				CLANG_WARN_DOCUMENTATION_COMMENTS = YES;
				CLANG_WARN_EMPTY_BODY = YES;
				CLANG_WARN_ENUM_CONVERSION = YES;
				CLANG_WARN_INFINITE_RECURSION = YES;
				CLANG_WARN_INT_CONVERSION = YES;
				CLANG_WARN_NON_LITERAL_NULL_CONVERSION = YES;
				CLANG_WARN_OBJC_IMPLICIT_RETAIN_SELF = YES;
				CLANG_WARN_OBJC_LITERAL_CONVERSION = YES;
				CLANG_WARN_OBJC_ROOT_CLASS = YES_ERROR;
				CLANG_WARN_RANGE_LOOP_ANALYSIS = YES;
				CLANG_WARN_STRICT_PROTOTYPES = YES;
				CLANG_WARN_SUSPICIOUS_MOVE = YES;
				CLANG_WARN_UNGUARDED_AVAILABILITY = YES_AGGRESSIVE;
				CLANG_WARN_UNREACHABLE_CODE = YES;
				CLANG_WARN__DUPLICATE_METHOD_MATCH = YES;
				CODE_SIGN_IDENTITY = "-";
				COPY_PHASE_STRIP = NO;
				DEBUG_INFORMATION_FORMAT = dwarf;
				ENABLE_STRICT_OBJC_MSGSEND = YES;
				ENABLE_TESTABILITY = YES;
				GCC_C_LANGUAGE_STANDARD = gnu11;
				GCC_DYNAMIC_NO_PIC = NO;
				GCC_NO_COMMON_BLOCKS = YES;
				GCC_OPTIMIZATION_LEVEL = 0;
				GCC_PREPROCESSOR_DEFINITIONS = (
					"DEBUG=1",
					"$(inherited)",
				);
				GCC_WARN_64_TO_32_BIT_CONVERSION = YES;
				GCC_WARN_ABOUT_RETURN_TYPE = YES_ERROR;
				GCC_WARN_UNDECLARED_SELECTOR = YES;
				GCC_WARN_UNINITIALIZED_AUTOS = YES_AGGRESSIVE;
				GCC_WARN_UNUSED_FUNCTION = YES;
				GCC_WARN_UNUSED_VARIABLE = YES;
				MACOSX_DEPLOYMENT_TARGET = 10.14;
				MTL_ENABLE_DEBUG_INFO = INCLUDE_SOURCE;
				MTL_FAST_MATH = YES;
				ONLY_ACTIVE_ARCH = YES;
				SDKROOT = macosx;
				SWIFT_ACTIVE_COMPILATION_CONDITIONS = DEBUG;
				SWIFT_OPTIMIZATION_LEVEL = "-Onone";
			};
			name = Debug;
		};
		087FCCE622B84C5F0042DC8C /* Release */ = {
			isa = XCBuildConfiguration;
			buildSettings = {
				ALWAYS_SEARCH_USER_PATHS = NO;
				CLANG_ANALYZER_NONNULL = YES;
				CLANG_ANALYZER_NUMBER_OBJECT_CONVERSION = YES_AGGRESSIVE;
				CLANG_CXX_LANGUAGE_STANDARD = "gnu++14";
				CLANG_CXX_LIBRARY = "libc++";
				CLANG_ENABLE_MODULES = YES;
				CLANG_ENABLE_OBJC_ARC = YES;
				CLANG_ENABLE_OBJC_WEAK = YES;
				CLANG_WARN_BLOCK_CAPTURE_AUTORELEASING = YES;
				CLANG_WARN_BOOL_CONVERSION = YES;
				CLANG_WARN_COMMA = YES;
				CLANG_WARN_CONSTANT_CONVERSION = YES;
				CLANG_WARN_DEPRECATED_OBJC_IMPLEMENTATIONS = YES;
				CLANG_WARN_DIRECT_OBJC_ISA_USAGE = YES_ERROR;
				CLANG_WARN_DOCUMENTATION_COMMENTS = YES;
				CLANG_WARN_EMPTY_BODY = YES;
				CLANG_WARN_ENUM_CONVERSION = YES;
				CLANG_WARN_INFINITE_RECURSION = YES;
				CLANG_WARN_INT_CONVERSION = YES;
				CLANG_WARN_NON_LITERAL_NULL_CONVERSION = YES;
				CLANG_WARN_OBJC_IMPLICIT_RETAIN_SELF = YES;
				CLANG_WARN_OBJC_LITERAL_CONVERSION = YES;
				CLANG_WARN_OBJC_ROOT_CLASS = YES_ERROR;
				CLANG_WARN_RANGE_LOOP_ANALYSIS = YES;
				CLANG_WARN_STRICT_PROTOTYPES = YES;
				CLANG_WARN_SUSPICIOUS_MOVE = YES;
				CLANG_WARN_UNGUARDED_AVAILABILITY = YES_AGGRESSIVE;
				CLANG_WARN_UNREACHABLE_CODE = YES;
				CLANG_WARN__DUPLICATE_METHOD_MATCH = YES;
				CODE_SIGN_IDENTITY = "-";
				COPY_PHASE_STRIP = NO;
				DEBUG_INFORMATION_FORMAT = "dwarf-with-dsym";
				ENABLE_NS_ASSERTIONS = NO;
				ENABLE_STRICT_OBJC_MSGSEND = YES;
				GCC_C_LANGUAGE_STANDARD = gnu11;
				GCC_NO_COMMON_BLOCKS = YES;
				GCC_WARN_64_TO_32_BIT_CONVERSION = YES;
				GCC_WARN_ABOUT_RETURN_TYPE = YES_ERROR;
				GCC_WARN_UNDECLARED_SELECTOR = YES;
				GCC_WARN_UNINITIALIZED_AUTOS = YES_AGGRESSIVE;
				GCC_WARN_UNUSED_FUNCTION = YES;
				GCC_WARN_UNUSED_VARIABLE = YES;
				MACOSX_DEPLOYMENT_TARGET = 10.14;
				MTL_ENABLE_DEBUG_INFO = NO;
				MTL_FAST_MATH = YES;
				SDKROOT = macosx;
				SWIFT_COMPILATION_MODE = wholemodule;
				SWIFT_OPTIMIZATION_LEVEL = "-O";
			};
			name = Release;
		};
		087FCCE822B84C5F0042DC8C /* Debug */ = {
			isa = XCBuildConfiguration;
			buildSettings = {
				CODE_SIGN_STYLE = Automatic;
				PRODUCT_NAME = "$(TARGET_NAME)";
				SWIFT_VERSION = 5.0;
			};
			name = Debug;
		};
		087FCCE922B84C5F0042DC8C /* Release */ = {
			isa = XCBuildConfiguration;
			buildSettings = {
				CODE_SIGN_STYLE = Automatic;
				PRODUCT_NAME = "$(TARGET_NAME)";
				SWIFT_VERSION = 5.0;
			};
			name = Release;
		};
/* End XCBuildConfiguration section */

/* Begin XCConfigurationList section */
		087FCCDB22B84C5F0042DC8C /* Build configuration list for PBXProject "VladimirVatsurin_COMP2125_Lab02" */ = {
			isa = XCConfigurationList;
			buildConfigurations = (
				087FCCE522B84C5F0042DC8C /* Debug */,
				087FCCE622B84C5F0042DC8C /* Release */,
			);
			defaultConfigurationIsVisible = 0;
			defaultConfigurationName = Release;
		};
		087FCCE722B84C5F0042DC8C /* Build configuration list for PBXNativeTarget "VladimirVatsurin_COMP2125_Lab02" */ = {
			isa = XCConfigurationList;
			buildConfigurations = (
				087FCCE822B84C5F0042DC8C /* Debug */,
				087FCCE922B84C5F0042DC8C /* Release */,
			);
			defaultConfigurationIsVisible = 0;
			defaultConfigurationName = Release;
		};
/* End XCConfigurationList section */
	};
	rootObject = 087FCCD822B84C5F0042DC8C /* Project object */;
}
