// !$*UTF8*$!
{
	archiveVersion = 1;
	classes = {
	};
	objectVersion = 50;
	objects = {

/* Begin PBXBuildFile section */
		D21A72C722DF5D1400EBE1D2 /* AppDelegate.swift in Sources */ = {isa = PBXBuildFile; fileRef = D21A72C622DF5D1400EBE1D2 /* AppDelegate.swift */; };
		D21A72C922DF5D1400EBE1D2 /* ViewController.swift in Sources */ = {isa = PBXBuildFile; fileRef = D21A72C822DF5D1400EBE1D2 /* ViewController.swift */; };
		D21A72CC22DF5D1400EBE1D2 /* Main.storyboard in Resources */ = {isa = PBXBuildFile; fileRef = D21A72CA22DF5D1400EBE1D2 /* Main.storyboard */; };
		D21A72CE22DF5D1500EBE1D2 /* Assets.xcassets in Resources */ = {isa = PBXBuildFile; fileRef = D21A72CD22DF5D1500EBE1D2 /* Assets.xcassets */; };
		D21A72D122DF5D1500EBE1D2 /* LaunchScreen.storyboard in Resources */ = {isa = PBXBuildFile; fileRef = D21A72CF22DF5D1500EBE1D2 /* LaunchScreen.storyboard */; };
		D21A72D922DF5E0000EBE1D2 /* TableViewController.swift in Sources */ = {isa = PBXBuildFile; fileRef = D21A72D822DF5E0000EBE1D2 /* TableViewController.swift */; };
		D21A72DD22DF632F00EBE1D2 /* fitbit.jpeg in Resources */ = {isa = PBXBuildFile; fileRef = D21A72DA22DF632E00EBE1D2 /* fitbit.jpeg */; };
		D21A72DE22DF632F00EBE1D2 /* samsung.jpeg in Resources */ = {isa = PBXBuildFile; fileRef = D21A72DB22DF632E00EBE1D2 /* samsung.jpeg */; };
		D21A72DF22DF632F00EBE1D2 /* apple.jpeg in Resources */ = {isa = PBXBuildFile; fileRef = D21A72DC22DF632F00EBE1D2 /* apple.jpeg */; };
/* End PBXBuildFile section */

/* Begin PBXFileReference section */
		D21A72C322DF5D1400EBE1D2 /* TableViewCustomCell.app */ = {isa = PBXFileReference; explicitFileType = wrapper.application; includeInIndex = 0; path = TableViewCustomCell.app; sourceTree = BUILT_PRODUCTS_DIR; };
		D21A72C622DF5D1400EBE1D2 /* AppDelegate.swift */ = {isa = PBXFileReference; lastKnownFileType = sourcecode.swift; path = AppDelegate.swift; sourceTree = "<group>"; };
		D21A72C822DF5D1400EBE1D2 /* ViewController.swift */ = {isa = PBXFileReference; lastKnownFileType = sourcecode.swift; path = ViewController.swift; sourceTree = "<group>"; };
		D21A72CB22DF5D1400EBE1D2 /* Base */ = {isa = PBXFileReference; lastKnownFileType = file.storyboard; name = Base; path = Base.lproj/Main.storyboard; sourceTree = "<group>"; };
		D21A72CD22DF5D1500EBE1D2 /* Assets.xcassets */ = {isa = PBXFileReference; lastKnownFileType = folder.assetcatalog; path = Assets.xcassets; sourceTree = "<group>"; };
		D21A72D022DF5D1500EBE1D2 /* Base */ = {isa = PBXFileReference; lastKnownFileType = file.storyboard; name = Base; path = Base.lproj/LaunchScreen.storyboard; sourceTree = "<group>"; };
		D21A72D222DF5D1500EBE1D2 /* Info.plist */ = {isa = PBXFileReference; lastKnownFileType = text.plist.xml; path = Info.plist; sourceTree = "<group>"; };
		D21A72D822DF5E0000EBE1D2 /* TableViewController.swift */ = {isa = PBXFileReference; lastKnownFileType = sourcecode.swift; path = TableViewController.swift; sourceTree = "<group>"; };
		D21A72DA22DF632E00EBE1D2 /* fitbit.jpeg */ = {isa = PBXFileReference; lastKnownFileType = image.jpeg; path = fitbit.jpeg; sourceTree = "<group>"; };
		D21A72DB22DF632E00EBE1D2 /* samsung.jpeg */ = {isa = PBXFileReference; lastKnownFileType = image.jpeg; path = samsung.jpeg; sourceTree = "<group>"; };
		D21A72DC22DF632F00EBE1D2 /* apple.jpeg */ = {isa = PBXFileReference; lastKnownFileType = image.jpeg; path = apple.jpeg; sourceTree = "<group>"; };
/* End PBXFileReference section */

/* Begin PBXFrameworksBuildPhase section */
		D21A72C022DF5D1400EBE1D2 /* Frameworks */ = {
			isa = PBXFrameworksBuildPhase;
			buildActionMask = 2147483647;
			files = (
			);
			runOnlyForDeploymentPostprocessing = 0;
		};
/* End PBXFrameworksBuildPhase section */

/* Begin PBXGroup section */
		D21A72BA22DF5D1400EBE1D2 = {
			isa = PBXGroup;
			children = (
				D21A72C522DF5D1400EBE1D2 /* TableViewCustomCell */,
				D21A72C422DF5D1400EBE1D2 /* Products */,
			);
			sourceTree = "<group>";
		};
		D21A72C422DF5D1400EBE1D2 /* Products */ = {
			isa = PBXGroup;
			children = (
				D21A72C322DF5D1400EBE1D2 /* TableViewCustomCell.app */,
			);
			name = Products;
			sourceTree = "<group>";
		};
		D21A72C522DF5D1400EBE1D2 /* TableViewCustomCell */ = {
			isa = PBXGroup;
			children = (
				D21A72C622DF5D1400EBE1D2 /* AppDelegate.swift */,
				D21A72C822DF5D1400EBE1D2 /* ViewController.swift */,
				D21A72CA22DF5D1400EBE1D2 /* Main.storyboard */,
				D21A72D822DF5E0000EBE1D2 /* TableViewController.swift */,
				D21A72CD22DF5D1500EBE1D2 /* Assets.xcassets */,
				D21A72DC22DF632F00EBE1D2 /* apple.jpeg */,
				D21A72DA22DF632E00EBE1D2 /* fitbit.jpeg */,
				D21A72DB22DF632E00EBE1D2 /* samsung.jpeg */,
				D21A72CF22DF5D1500EBE1D2 /* LaunchScreen.storyboard */,
				D21A72D222DF5D1500EBE1D2 /* Info.plist */,
			);
			path = TableViewCustomCell;
			sourceTree = "<group>";
		};
/* End PBXGroup section */

/* Begin PBXNativeTarget section */
		D21A72C222DF5D1400EBE1D2 /* TableViewCustomCell */ = {
			isa = PBXNativeTarget;
			buildConfigurationList = D21A72D522DF5D1500EBE1D2 /* Build configuration list for PBXNativeTarget "TableViewCustomCell" */;
			buildPhases = (
				D21A72BF22DF5D1400EBE1D2 /* Sources */,
				D21A72C022DF5D1400EBE1D2 /* Frameworks */,
				D21A72C122DF5D1400EBE1D2 /* Resources */,
			);
			buildRules = (
			);
			dependencies = (
			);
			name = TableViewCustomCell;
			productName = TableViewCustomCell;
			productReference = D21A72C322DF5D1400EBE1D2 /* TableViewCustomCell.app */;
			productType = "com.apple.product-type.application";
		};
/* End PBXNativeTarget section */

/* Begin PBXProject section */
		D21A72BB22DF5D1400EBE1D2 /* Project object */ = {
			isa = PBXProject;
			attributes = {
				LastSwiftUpdateCheck = 1020;
				LastUpgradeCheck = 1020;
				ORGANIZATIONNAME = "Sujeet Lohan";
				TargetAttributes = {
					D21A72C222DF5D1400EBE1D2 = {
						CreatedOnToolsVersion = 10.2.1;
					};
				};
			};
			buildConfigurationList = D21A72BE22DF5D1400EBE1D2 /* Build configuration list for PBXProject "TableViewCustomCell" */;
			compatibilityVersion = "Xcode 9.3";
			developmentRegion = en;
			hasScannedForEncodings = 0;
			knownRegions = (
				en,
				Base,
			);
			mainGroup = D21A72BA22DF5D1400EBE1D2;
			productRefGroup = D21A72C422DF5D1400EBE1D2 /* Products */;
			projectDirPath = "";
			projectRoot = "";
			targets = (
				D21A72C222DF5D1400EBE1D2 /* TableViewCustomCell */,
			);
		};
/* End PBXProject section */

/* Begin PBXResourcesBuildPhase section */
		D21A72C122DF5D1400EBE1D2 /* Resources */ = {
			isa = PBXResourcesBuildPhase;
			buildActionMask = 2147483647;
			files = (
				D21A72D122DF5D1500EBE1D2 /* LaunchScreen.storyboard in Resources */,
				D21A72DD22DF632F00EBE1D2 /* fitbit.jpeg in Resources */,
				D21A72CE22DF5D1500EBE1D2 /* Assets.xcassets in Resources */,
				D21A72DE22DF632F00EBE1D2 /* samsung.jpeg in Resources */,
				D21A72DF22DF632F00EBE1D2 /* apple.jpeg in Resources */,
				D21A72CC22DF5D1400EBE1D2 /* Main.storyboard in Resources */,
			);
			runOnlyForDeploymentPostprocessing = 0;
		};
/* End PBXResourcesBuildPhase section */

/* Begin PBXSourcesBuildPhase section */
		D21A72BF22DF5D1400EBE1D2 /* Sources */ = {
			isa = PBXSourcesBuildPhase;
			buildActionMask = 2147483647;
			files = (
				D21A72C922DF5D1400EBE1D2 /* ViewController.swift in Sources */,
				D21A72D922DF5E0000EBE1D2 /* TableViewController.swift in Sources */,
				D21A72C722DF5D1400EBE1D2 /* AppDelegate.swift in Sources */,
			);
			runOnlyForDeploymentPostprocessing = 0;
		};
/* End PBXSourcesBuildPhase section */

/* Begin PBXVariantGroup section */
		D21A72CA22DF5D1400EBE1D2 /* Main.storyboard */ = {
			isa = PBXVariantGroup;
			children = (
				D21A72CB22DF5D1400EBE1D2 /* Base */,
			);
			name = Main.storyboard;
			sourceTree = "<group>";
		};
		D21A72CF22DF5D1500EBE1D2 /* LaunchScreen.storyboard */ = {
			isa = PBXVariantGroup;
			children = (
				D21A72D022DF5D1500EBE1D2 /* Base */,
			);
			name = LaunchScreen.storyboard;
			sourceTree = "<group>";
		};
/* End PBXVariantGroup section */

/* Begin XCBuildConfiguration section */
		D21A72D322DF5D1500EBE1D2 /* Debug */ = {
			isa = XCBuildConfiguration;
			buildSettings = {
				ALWAYS_SEARCH_USER_PATHS = NO;
				CLANG_ANALYZER_NONNULL = YES;
				CLANG_ANALYZER_NUMBER_OBJECT_CONVERSION = YES_AGGRESSIVE;
				CLANG_CXX_LANGUAGE_STANDARD = "gnu++14";
				CLANG_CXX_LIBRARY = "libc++";
				CLANG_ENABLE_MODULES = YES;
				CLANG_ENABLE_OBJC_ARC = YES;
				CLANG_ENABLE_OBJC_WEAK = YES;
				CLANG_WARN_BLOCK_CAPTURE_AUTORELEASING = YES;
				CLANG_WARN_BOOL_CONVERSION = YES;
				CLANG_WARN_COMMA = YES;
				CLANG_WARN_CONSTANT_CONVERSION = YES;
				CLANG_WARN_DEPRECATED_OBJC_IMPLEMENTATIONS = YES;
				CLANG_WARN_DIRECT_OBJC_ISA_USAGE = YES_ERROR;
				CLANG_WARN_DOCUMENTATION_COMMENTS = YES;
				CLANG_WARN_EMPTY_BODY = YES;
				CLANG_WARN_ENUM_CONVERSION = YES;
				CLANG_WARN_INFINITE_RECURSION = YES;
				CLANG_WARN_INT_CONVERSION = YES;
				CLANG_WARN_NON_LITERAL_NULL_CONVERSION = YES;
				CLANG_WARN_OBJC_IMPLICIT_RETAIN_SELF = YES;
				CLANG_WARN_OBJC_LITERAL_CONVERSION = YES;
				CLANG_WARN_OBJC_ROOT_CLASS = YES_ERROR;
				CLANG_WARN_RANGE_LOOP_ANALYSIS = YES;
				CLANG_WARN_STRICT_PROTOTYPES = YES;
				CLANG_WARN_SUSPICIOUS_MOVE = YES;
				CLANG_WARN_UNGUARDED_AVAILABILITY = YES_AGGRESSIVE;
				CLANG_WARN_UNREACHABLE_CODE = YES;
				CLANG_WARN__DUPLICATE_METHOD_MATCH = YES;
				CODE_SIGN_IDENTITY = "iPhone Developer";
				COPY_PHASE_STRIP = NO;
				DEBUG_INFORMATION_FORMAT = dwarf;
				ENABLE_STRICT_OBJC_MSGSEND = YES;
				ENABLE_TESTABILITY = YES;
				GCC_C_LANGUAGE_STANDARD = gnu11;
				GCC_DYNAMIC_NO_PIC = NO;
				GCC_NO_COMMON_BLOCKS = YES;
				GCC_OPTIMIZATION_LEVEL = 0;
				GCC_PREPROCESSOR_DEFINITIONS = (
					"DEBUG=1",
					"$(inherited)",
				);
				GCC_WARN_64_TO_32_BIT_CONVERSION = YES;
				GCC_WARN_ABOUT_RETURN_TYPE = YES_ERROR;
				GCC_WARN_UNDECLARED_SELECTOR = YES;
				GCC_WARN_UNINITIALIZED_AUTOS = YES_AGGRESSIVE;
				GCC_WARN_UNUSED_FUNCTION = YES;
				GCC_WARN_UNUSED_VARIABLE = YES;
				IPHONEOS_DEPLOYMENT_TARGET = 12.2;
				MTL_ENABLE_DEBUG_INFO = INCLUDE_SOURCE;
				MTL_FAST_MATH = YES;
				ONLY_ACTIVE_ARCH = YES;
				SDKROOT = iphoneos;
				SWIFT_ACTIVE_COMPILATION_CONDITIONS = DEBUG;
				SWIFT_OPTIMIZATION_LEVEL = "-Onone";
			};
			name = Debug;
		};
		D21A72D422DF5D1500EBE1D2 /* Release */ = {
			isa = XCBuildConfiguration;
			buildSettings = {
				ALWAYS_SEARCH_USER_PATHS = NO;
				CLANG_ANALYZER_NONNULL = YES;
				CLANG_ANALYZER_NUMBER_OBJECT_CONVERSION = YES_AGGRESSIVE;
				CLANG_CXX_LANGUAGE_STANDARD = "gnu++14";
				CLANG_CXX_LIBRARY = "libc++";
				CLANG_ENABLE_MODULES = YES;
				CLANG_ENABLE_OBJC_ARC = YES;
				CLANG_ENABLE_OBJC_WEAK = YES;
				CLANG_WARN_BLOCK_CAPTURE_AUTORELEASING = YES;
				CLANG_WARN_BOOL_CONVERSION = YES;
				CLANG_WARN_COMMA = YES;
				CLANG_WARN_CONSTANT_CONVERSION = YES;
				CLANG_WARN_DEPRECATED_OBJC_IMPLEMENTATIONS = YES;
				CLANG_WARN_DIRECT_OBJC_ISA_USAGE = YES_ERROR;
				CLANG_WARN_DOCUMENTATION_COMMENTS = YES;
				CLANG_WARN_EMPTY_BODY = YES;
				CLANG_WARN_ENUM_CONVERSION = YES;
				CLANG_WARN_INFINITE_RECURSION = YES;
				CLANG_WARN_INT_CONVERSION = YES;
				CLANG_WARN_NON_LITERAL_NULL_CONVERSION = YES;
				CLANG_WARN_OBJC_IMPLICIT_RETAIN_SELF = YES;
				CLANG_WARN_OBJC_LITERAL_CONVERSION = YES;
				CLANG_WARN_OBJC_ROOT_CLASS = YES_ERROR;
				CLANG_WARN_RANGE_LOOP_ANALYSIS = YES;
				CLANG_WARN_STRICT_PROTOTYPES = YES;
				CLANG_WARN_SUSPICIOUS_MOVE = YES;
				CLANG_WARN_UNGUARDED_AVAILABILITY = YES_AGGRESSIVE;
				CLANG_WARN_UNREACHABLE_CODE = YES;
				CLANG_WARN__DUPLICATE_METHOD_MATCH = YES;
				CODE_SIGN_IDENTITY = "iPhone Developer";
				COPY_PHASE_STRIP = NO;
				DEBUG_INFORMATION_FORMAT = "dwarf-with-dsym";
				ENABLE_NS_ASSERTIONS = NO;
				ENABLE_STRICT_OBJC_MSGSEND = YES;
				GCC_C_LANGUAGE_STANDARD = gnu11;
				GCC_NO_COMMON_BLOCKS = YES;
				GCC_WARN_64_TO_32_BIT_CONVERSION = YES;
				GCC_WARN_ABOUT_RETURN_TYPE = YES_ERROR;
				GCC_WARN_UNDECLARED_SELECTOR = YES;
				GCC_WARN_UNINITIALIZED_AUTOS = YES_AGGRESSIVE;
				GCC_WARN_UNUSED_FUNCTION = YES;
				GCC_WARN_UNUSED_VARIABLE = YES;
				IPHONEOS_DEPLOYMENT_TARGET = 12.2;
				MTL_ENABLE_DEBUG_INFO = NO;
				MTL_FAST_MATH = YES;
				SDKROOT = iphoneos;
				SWIFT_COMPILATION_MODE = wholemodule;
				SWIFT_OPTIMIZATION_LEVEL = "-O";
				VALIDATE_PRODUCT = YES;
			};
			name = Release;
		};
		D21A72D622DF5D1500EBE1D2 /* Debug */ = {
			isa = XCBuildConfiguration;
			buildSettings = {
				ASSETCATALOG_COMPILER_APPICON_NAME = AppIcon;
				CODE_SIGN_STYLE = Automatic;
				INFOPLIST_FILE = TableViewCustomCell/Info.plist;
				LD_RUNPATH_SEARCH_PATHS = (
					"$(inherited)",
					"@executable_path/Frameworks",
				);
				PRODUCT_BUNDLE_IDENTIFIER = "Georgian-College.TableViewCustomCell";
				PRODUCT_NAME = "$(TARGET_NAME)";
				SWIFT_VERSION = 5.0;
				TARGETED_DEVICE_FAMILY = "1,2";
			};
			name = Debug;
		};
		D21A72D722DF5D1500EBE1D2 /* Release */ = {
			isa = XCBuildConfiguration;
			buildSettings = {
				ASSETCATALOG_COMPILER_APPICON_NAME = AppIcon;
				CODE_SIGN_STYLE = Automatic;
				INFOPLIST_FILE = TableViewCustomCell/Info.plist;
				LD_RUNPATH_SEARCH_PATHS = (
					"$(inherited)",
					"@executable_path/Frameworks",
				);
				PRODUCT_BUNDLE_IDENTIFIER = "Georgian-College.TableViewCustomCell";
				PRODUCT_NAME = "$(TARGET_NAME)";
				SWIFT_VERSION = 5.0;
				TARGETED_DEVICE_FAMILY = "1,2";
			};
			name = Release;
		};
/* End XCBuildConfiguration section */

/* Begin XCConfigurationList section */
		D21A72BE22DF5D1400EBE1D2 /* Build configuration list for PBXProject "TableViewCustomCell" */ = {
			isa = XCConfigurationList;
			buildConfigurations = (
				D21A72D322DF5D1500EBE1D2 /* Debug */,
				D21A72D422DF5D1500EBE1D2 /* Release */,
			);
			defaultConfigurationIsVisible = 0;
			defaultConfigurationName = Release;
		};
		D21A72D522DF5D1500EBE1D2 /* Build configuration list for PBXNativeTarget "TableViewCustomCell" */ = {
			isa = XCConfigurationList;
			buildConfigurations = (
				D21A72D622DF5D1500EBE1D2 /* Debug */,
				D21A72D722DF5D1500EBE1D2 /* Release */,
			);
			defaultConfigurationIsVisible = 0;
			defaultConfigurationName = Release;
		};
/* End XCConfigurationList section */
	};
	rootObject = D21A72BB22DF5D1400EBE1D2 /* Project object */;
}
